{
    "_meta": {
        "hash": {
            "sha256": "a8b441e7613cb94cf45298b20b63952e1eedf2e7fa5c732e7143aaebc9eb470e"
        },
        "pipfile-spec": 6,
        "requires": {
            "python_version": "3.9"
        },
        "sources": [
            {
                "name": "pypi",
                "url": "https://pypi.org/simple",
                "verify_ssl": true
            }
        ]
    },
    "default": {
        "cffi": {
            "hashes": [
                "sha256:00c878c90cb53ccfaae6b8bc18ad05d2036553e6d9d1d9dbcf323bbe83854ca3",
                "sha256:0104fb5ae2391d46a4cb082abdd5c69ea4eab79d8d44eaaf79f1b1fd806ee4c2",
                "sha256:06c48159c1abed75c2e721b1715c379fa3200c7784271b3c46df01383b593636",
                "sha256:0808014eb713677ec1292301ea4c81ad277b6cdf2fdd90fd540af98c0b101d20",
                "sha256:10dffb601ccfb65262a27233ac273d552ddc4d8ae1bf93b21c94b8511bffe728",
                "sha256:14cd121ea63ecdae71efa69c15c5543a4b5fbcd0bbe2aad864baca0063cecf27",
                "sha256:17771976e82e9f94976180f76468546834d22a7cc404b17c22df2a2c81db0c66",
                "sha256:181dee03b1170ff1969489acf1c26533710231c58f95534e3edac87fff06c443",
                "sha256:23cfe892bd5dd8941608f93348c0737e369e51c100d03718f108bf1add7bd6d0",
                "sha256:263cc3d821c4ab2213cbe8cd8b355a7f72a8324577dc865ef98487c1aeee2bc7",
                "sha256:2756c88cbb94231c7a147402476be2c4df2f6078099a6f4a480d239a8817ae39",
                "sha256:27c219baf94952ae9d50ec19651a687b826792055353d07648a5695413e0c605",
                "sha256:2a23af14f408d53d5e6cd4e3d9a24ff9e05906ad574822a10563efcef137979a",
                "sha256:31fb708d9d7c3f49a60f04cf5b119aeefe5644daba1cd2a0fe389b674fd1de37",
                "sha256:3415c89f9204ee60cd09b235810be700e993e343a408693e80ce7f6a40108029",
                "sha256:3773c4d81e6e818df2efbc7dd77325ca0dcb688116050fb2b3011218eda36139",
                "sha256:3b96a311ac60a3f6be21d2572e46ce67f09abcf4d09344c49274eb9e0bf345fc",
                "sha256:3f7d084648d77af029acb79a0ff49a0ad7e9d09057a9bf46596dac9514dc07df",
                "sha256:41d45de54cd277a7878919867c0f08b0cf817605e4eb94093e7516505d3c8d14",
                "sha256:4238e6dab5d6a8ba812de994bbb0a79bddbdf80994e4ce802b6f6f3142fcc880",
                "sha256:45db3a33139e9c8f7c09234b5784a5e33d31fd6907800b316decad50af323ff2",
                "sha256:45e8636704eacc432a206ac7345a5d3d2c62d95a507ec70d62f23cd91770482a",
                "sha256:4958391dbd6249d7ad855b9ca88fae690783a6be9e86df65865058ed81fc860e",
                "sha256:4a306fa632e8f0928956a41fa8e1d6243c71e7eb59ffbd165fc0b41e316b2474",
                "sha256:57e9ac9ccc3101fac9d6014fba037473e4358ef4e89f8e181f8951a2c0162024",
                "sha256:59888172256cac5629e60e72e86598027aca6bf01fa2465bdb676d37636573e8",
                "sha256:5e069f72d497312b24fcc02073d70cb989045d1c91cbd53979366077959933e0",
                "sha256:64d4ec9f448dfe041705426000cc13e34e6e5bb13736e9fd62e34a0b0c41566e",
                "sha256:6dc2737a3674b3e344847c8686cf29e500584ccad76204efea14f451d4cc669a",
                "sha256:74fdfdbfdc48d3f47148976f49fab3251e550a8720bebc99bf1483f5bfb5db3e",
                "sha256:75e4024375654472cc27e91cbe9eaa08567f7fbdf822638be2814ce059f58032",
                "sha256:786902fb9ba7433aae840e0ed609f45c7bcd4e225ebb9c753aa39725bb3e6ad6",
                "sha256:8b6c2ea03845c9f501ed1313e78de148cd3f6cad741a75d43a29b43da27f2e1e",
                "sha256:91d77d2a782be4274da750752bb1650a97bfd8f291022b379bb8e01c66b4e96b",
                "sha256:91ec59c33514b7c7559a6acda53bbfe1b283949c34fe7440bcf917f96ac0723e",
                "sha256:920f0d66a896c2d99f0adbb391f990a84091179542c205fa53ce5787aff87954",
                "sha256:a5263e363c27b653a90078143adb3d076c1a748ec9ecc78ea2fb916f9b861962",
                "sha256:abb9a20a72ac4e0fdb50dae135ba5e77880518e742077ced47eb1499e29a443c",
                "sha256:c2051981a968d7de9dd2d7b87bcb9c939c74a34626a6e2f8181455dd49ed69e4",
                "sha256:c21c9e3896c23007803a875460fb786118f0cdd4434359577ea25eb556e34c55",
                "sha256:c2502a1a03b6312837279c8c1bd3ebedf6c12c4228ddbad40912d671ccc8a962",
                "sha256:d4d692a89c5cf08a8557fdeb329b82e7bf609aadfaed6c0d79f5a449a3c7c023",
                "sha256:da5db4e883f1ce37f55c667e5c0de439df76ac4cb55964655906306918e7363c",
                "sha256:e7022a66d9b55e93e1a845d8c9eba2a1bebd4966cd8bfc25d9cd07d515b33fa6",
                "sha256:ef1f279350da2c586a69d32fc8733092fd32cc8ac95139a00377841f59a3f8d8",
                "sha256:f54a64f8b0c8ff0b64d18aa76675262e1700f3995182267998c31ae974fbc382",
                "sha256:f5c7150ad32ba43a07c4479f40241756145a1f03b43480e058cfd862bf5041c7",
                "sha256:f6f824dc3bce0edab5f427efcfb1d63ee75b6fcb7282900ccaf925be84efb0fc",
                "sha256:fd8a250edc26254fe5b33be00402e6d287f562b6a5b2152dec302fa15bb3e997",
                "sha256:ffaa5c925128e29efbde7301d8ecaf35c8c60ffbcd6a1ffd3a552177c8e5e796"
            ],
            "version": "==1.15.0"
        },
        "just-playback": {
            "hashes": [
                "sha256:d03088f5a862ab48f1e64dbb69844b6a793bea51df9dc7fc6f9b9e27af35947d"
            ],
            "index": "pypi",
            "version": "==0.1.6"
        },
        "music-tag": {
            "hashes": [
                "sha256:0aab6e6eeda8df0f5316ec2d2190bd74561b7e03562ab091ce8d5687cdbcfff6"
            ],
            "index": "pypi",
            "version": "==0.4.3"
        },
        "mutagen": {
            "hashes": [
                "sha256:6397602efb3c2d7baebd2166ed85731ae1c1d475abca22090b7141ff5034b3e1",
                "sha256:9c9f243fcec7f410f138cb12c21c84c64fde4195481a30c9bfb05b5f003adfed"
            ],
            "index": "pypi",
            "version": "==1.45.1"
        },
        "pycparser": {
            "hashes": [
                "sha256:8ee45429555515e1f6b185e78100aea234072576aa43ab53aefcae078162fca9",
                "sha256:e644fdec12f7872f86c58ff790da456218b10f863970249516d60a5eaca77206"
            ],
            "version": "==2.21"
        },
        "pygame": {
            "hashes": [
                "sha256:0227728f2ef751fac43b89f4bcc5c65ce39c855b2a3391ddf2e6024dd667e6bd",
                "sha256:02a26b3be6cc478f18f4efa506ee5a585f68350857ac5e68e187301e943e3d6d",
                "sha256:0d2f80b501aacd74a660d4422793ea1cd4e209bee385aac18d0a07bd671511ee",
                "sha256:15d4e42214f93d8c60120e16b690ad03da7f0b3b66f75db8966bccf8c66c4690",
                "sha256:232e51104db0e573221660d172af8e6fc2c0fda183c5dbf2aa52170f29aa9ec9",
                "sha256:2bfefabe78bda7a1bfba253cbe2131038402ce2b32e4218feeba6431fe429abb",
                "sha256:32cb64627c2eb5c4c067ffe614e08ccb8987d096100d225e070dddce05725b63",
                "sha256:3804476fab6ec7230aa817ee5c3b378ba956321fdd5f91f51c97452c588869d2",
                "sha256:38b5a43ab02c162501e62b857ff2cb128076b0786dd4e1d8bea63db8326f9da1",
                "sha256:3d5a76fa826202182d989e8399fca0c3c163fbb4f8ece773e77955a7a62cbed3",
                "sha256:472b81ba6b61ffe5879ac3d0da2e5cb235e0e4da471ad4038f013a7710ab53ab",
                "sha256:49e5fb589a86169aa95b83d3429ee034799792374e13dbc0da83091d86365a4b",
                "sha256:4ab5aba8677d135b94c4714e8256efdfffefc164f354a4d05b846588caf43b99",
                "sha256:4eff1db92d53dc2e49ed832dd6c76530e1e2b5954eef091f6af41b41d2d5c3ac",
                "sha256:4f73058569573af12c8181e032745f11d85f0799510965d938b1f16c7f13afcb",
                "sha256:53c6fa767e3eef52d403eda5d032e48b6040ccce03fbd64af2f71843168118da",
                "sha256:594234050b50b57c538842155dc3095c9d4f994266325adb4dd008aee526157f",
                "sha256:59a5461ef317e4d233d1bb5ce63311ccad3e911a652bda159d3922351050158c",
                "sha256:5a3edc8211d0cf39d1e4d7ded1a0727c53aeb21205963f184199521708bbb05c",
                "sha256:5d36d530a8994c5bb8889816981f82b7942d8ec7651ca1d922d01302c1feecd2",
                "sha256:5eb3dede55d005adea8504f8c9230b9dc2c84c1c728efe93a9718fa1af824dc8",
                "sha256:646e871ff5ab7f933cde5ea2bff7b6cd74d7369f43e84a291baebe00bb9a8f6f",
                "sha256:64ec45215c2cfc4051bb0f58d26aee3b50a39b1b0a2e6fe8417bb352a6443aad",
                "sha256:692fe4498c353d663d45d05354fb47c9f6bf324d10b53844b9ed7f60e6c8cefa",
                "sha256:6efa3fa472acb97c784224b59a89e80da6231f0dbf54df8442ffa3352c0534d6",
                "sha256:70a11eec9bae6e8970c5bc4b3d0908eb2c42d4bd4ed488e41e49774b7cb41f57",
                "sha256:7281366b4ebd7f16eac8ec6a6e2adb4c729beda178ea82637d9981e93dd40c9b",
                "sha256:7a305dcf44f03a8dd7baefb97dc24949d7e719fd686cd3211121639aec4ce464",
                "sha256:847b4bc22edb1d77c992b5d56b19e1ab52e14687adb8bc3ed12a8a98fbd7e1ff",
                "sha256:85844714f82a5379100825473b1a7b24192b4a944aed3128da9386e26adc3bed",
                "sha256:86c66b917afc6330a91ac8c7169c36c77ec536578d1d7724644d41f904e2d146",
                "sha256:88a2dabe617e6173003b65762c636947719da3e2d881a4ea47298e8d70886386",
                "sha256:9284e76923777c21b8bea19d8528be9cd62d0915139ed3c3cde6c43f849466f5",
                "sha256:987c0d5fcd7737c31b35df06f78932c48eeff2c97473001e224fdebd3292b2db",
                "sha256:9a81d057a7dea95850e44118f141a892fde93c938ccb08fbc5dd7f1a26c2f1fe",
                "sha256:9b2ad10ffaa226ca40ae229143b0a118426aff42e2459b626d355846c59a765d",
                "sha256:a0842458b49257ab539b7b6622a242cabcddcb61178b8ae074aaceb890be75b6",
                "sha256:a0ab3e4763e0cebf08c55154f4167cdae3683674604a71e1437123225f2a9b36",
                "sha256:ada3d33e7e6907d5c3bf771dc58c47ee6994a1e28fed55e4f8f8b817367beb8f",
                "sha256:add546fcbf8954f00647f5e7d595ab9389f6a7542a99fc5dca514e14fd799773",
                "sha256:b0e405fdde643f14d60c2dd140f110a5a38f588396a8b61a1a86374f25cba589",
                "sha256:b0e96c0f68f6bb88da216765920c6dbc55ae83e70435d8ebac87d271fc058646",
                "sha256:b400edd7391972e75b4243113089d6ea10b032e1306e8721efabb36d33c2d0f2",
                "sha256:b545634f96132af1d31dcb873cf03a9c4a5654ae39d9ee126db0b2eba2806788",
                "sha256:ba5bf655c892bbf4a9bafb4fcbc4c71023cc9a65f0cae0f3eba09a11018a858e",
                "sha256:bb55368d455ab9518b97febd33a8d417988397b019c9408993be034e0b5a7db6",
                "sha256:c1eb91198fc47c2e4fdc19c544b5d94534a70fd877f5c342228feb05e9fc4bef",
                "sha256:c28c6f764aa03a0245db12346f1da327c6f49bcc20e53aefec6eed57e4fbe1ce",
                "sha256:c6ee571995527e779b46cafee7ebef2dceb1a9c375143828e019293ff0efa167",
                "sha256:c84a93e6d33dafce9e25080ac557342333e15ef7e378ba84cb6181c52a8fd663",
                "sha256:d4061ac4e81bb36ec8f0a7027582c1c4dd32a939882e008165627103cb0b3985",
                "sha256:d5c62fbdb30082f7e1dcfa253da48e7b4be7342d275b34b2efa51f6cffc5942b",
                "sha256:e533f4bf9dc1a91cfd608b9bfb028c6a92383e731c502660933f0f9b812045a6",
                "sha256:e9368c105a8bccc8adfe7fd7fa5220d2b6c03979a3a57a8178c42f6fa9914ebc",
                "sha256:f628f9f26c8dadf72fabc9ae0ce5fe7f60d76be71a3407abc756b4d1fd030fa0",
                "sha256:f8379052cfbc278b11e31bc97f2e7f5998959c50837c4d54f4e424a541e0c5d9",
                "sha256:fad7b5351931cb68d19d7ecc0b21021fe23237d8fba8c455b5af4a79e1c7c536",
                "sha256:fdd488daa4ad33748d5ea806e311bfe01b9cc506def5288400072fcd66d226cf"
            ],
            "index": "pypi",
            "version": "==2.1.0"
        },
        "tinytag": {
            "hashes": [
                "sha256:513135c156e93026837a177ed336487f4fbdaa5c7efe8b8bfbeab9ce8f1404f7"
            ],
            "markers": "python_version >= '2.7'",
            "version": "==1.7.0"
        }
    },
    "develop": {}
}
