{
    "_meta": {
        "hash": {
            "sha256": "b7274f69662744b5662bcb1f114f91038e045fc74de4c3344712a5758914cc75"
        },
        "pipfile-spec": 6,
        "requires": {
            "python_version": "3.11"
        },
        "sources": [
            {
                "name": "pypi",
                "url": "https://pypi.org/simple",
                "verify_ssl": true
            }
        ]
    },
    "default": {
        "cffi": {
            "hashes": [
                "sha256:0c9ef6ff37e974b73c25eecc13952c55bceed9112be2d9d938ded8e856138bcc",
                "sha256:131fd094d1065b19540c3d72594260f118b231090295d8c34e19a7bbcf2e860a",
                "sha256:1b8ebc27c014c59692bb2664c7d13ce7a6e9a629be20e54e7271fa696ff2b417",
                "sha256:2c56b361916f390cd758a57f2e16233eb4f64bcbeee88a4881ea90fca14dc6ab",
                "sha256:2d92b25dbf6cae33f65005baf472d2c245c050b1ce709cc4588cdcdd5495b520",
                "sha256:31d13b0f99e0836b7ff893d37af07366ebc90b678b6664c955b54561fc36ef36",
                "sha256:32c68ef735dbe5857c810328cb2481e24722a59a2003018885514d4c09af9743",
                "sha256:3686dffb02459559c74dd3d81748269ffb0eb027c39a6fc99502de37d501faa8",
                "sha256:582215a0e9adbe0e379761260553ba11c58943e4bbe9c36430c4ca6ac74b15ed",
                "sha256:5b50bf3f55561dac5438f8e70bfcdfd74543fd60df5fa5f62d94e5867deca684",
                "sha256:5bf44d66cdf9e893637896c7faa22298baebcd18d1ddb6d2626a6e39793a1d56",
                "sha256:6602bc8dc6f3a9e02b6c22c4fc1e47aa50f8f8e6d3f78a5e16ac33ef5fefa324",
                "sha256:673739cb539f8cdaa07d92d02efa93c9ccf87e345b9a0b556e3ecc666718468d",
                "sha256:68678abf380b42ce21a5f2abde8efee05c114c2fdb2e9eef2efdb0257fba1235",
                "sha256:68e7c44931cc171c54ccb702482e9fc723192e88d25a0e133edd7aff8fcd1f6e",
                "sha256:6b3d6606d369fc1da4fd8c357d026317fbb9c9b75d36dc16e90e84c26854b088",
                "sha256:748dcd1e3d3d7cd5443ef03ce8685043294ad6bd7c02a38d1bd367cfd968e000",
                "sha256:7651c50c8c5ef7bdb41108b7b8c5a83013bfaa8a935590c5d74627c047a583c7",
                "sha256:7b78010e7b97fef4bee1e896df8a4bbb6712b7f05b7ef630f9d1da00f6444d2e",
                "sha256:7e61e3e4fa664a8588aa25c883eab612a188c725755afff6289454d6362b9673",
                "sha256:80876338e19c951fdfed6198e70bc88f1c9758b94578d5a7c4c91a87af3cf31c",
                "sha256:8895613bcc094d4a1b2dbe179d88d7fb4a15cee43c052e8885783fac397d91fe",
                "sha256:88e2b3c14bdb32e440be531ade29d3c50a1a59cd4e51b1dd8b0865c54ea5d2e2",
                "sha256:8f8e709127c6c77446a8c0a8c8bf3c8ee706a06cd44b1e827c3e6a2ee6b8c098",
                "sha256:9cb4a35b3642fc5c005a6755a5d17c6c8b6bcb6981baf81cea8bfbc8903e8ba8",
                "sha256:9f90389693731ff1f659e55c7d1640e2ec43ff725cc61b04b2f9c6d8d017df6a",
                "sha256:a09582f178759ee8128d9270cd1344154fd473bb77d94ce0aeb2a93ebf0feaf0",
                "sha256:a6a14b17d7e17fa0d207ac08642c8820f84f25ce17a442fd15e27ea18d67c59b",
                "sha256:a72e8961a86d19bdb45851d8f1f08b041ea37d2bd8d4fd19903bc3083d80c896",
                "sha256:abd808f9c129ba2beda4cfc53bde801e5bcf9d6e0f22f095e45327c038bfe68e",
                "sha256:ac0f5edd2360eea2f1daa9e26a41db02dd4b0451b48f7c318e217ee092a213e9",
                "sha256:b29ebffcf550f9da55bec9e02ad430c992a87e5f512cd63388abb76f1036d8d2",
                "sha256:b2ca4e77f9f47c55c194982e10f058db063937845bb2b7a86c84a6cfe0aefa8b",
                "sha256:b7be2d771cdba2942e13215c4e340bfd76398e9227ad10402a8767ab1865d2e6",
                "sha256:b84834d0cf97e7d27dd5b7f3aca7b6e9263c56308ab9dc8aae9784abb774d404",
                "sha256:b86851a328eedc692acf81fb05444bdf1891747c25af7529e39ddafaf68a4f3f",
                "sha256:bcb3ef43e58665bbda2fb198698fcae6776483e0c4a631aa5647806c25e02cc0",
                "sha256:c0f31130ebc2d37cdd8e44605fb5fa7ad59049298b3f745c74fa74c62fbfcfc4",
                "sha256:c6a164aa47843fb1b01e941d385aab7215563bb8816d80ff3a363a9f8448a8dc",
                "sha256:d8a9d3ebe49f084ad71f9269834ceccbf398253c9fac910c4fd7053ff1386936",
                "sha256:db8e577c19c0fda0beb7e0d4e09e0ba74b1e4c092e0e40bfa12fe05b6f6d75ba",
                "sha256:dc9b18bf40cc75f66f40a7379f6a9513244fe33c0e8aa72e2d56b0196a7ef872",
                "sha256:e09f3ff613345df5e8c3667da1d918f9149bd623cd9070c983c013792a9a62eb",
                "sha256:e4108df7fe9b707191e55f33efbcb2d81928e10cea45527879a4749cbe472614",
                "sha256:e6024675e67af929088fda399b2094574609396b1decb609c55fa58b028a32a1",
                "sha256:e70f54f1796669ef691ca07d046cd81a29cb4deb1e5f942003f401c0c4a2695d",
                "sha256:e715596e683d2ce000574bae5d07bd522c781a822866c20495e52520564f0969",
                "sha256:e760191dd42581e023a68b758769e2da259b5d52e3103c6060ddc02c9edb8d7b",
                "sha256:ed86a35631f7bfbb28e108dd96773b9d5a6ce4811cf6ea468bb6a359b256b1e4",
                "sha256:ee07e47c12890ef248766a6e55bd38ebfb2bb8edd4142d56db91b21ea68b7627",
                "sha256:fa3a0128b152627161ce47201262d3140edb5a5c3da88d73a1b790a959126956",
                "sha256:fcc8eb6d5902bb1cf6dc4f187ee3ea80a1eba0a89aba40a5cb20a5087d961357"
            ],
            "markers": "python_version >= '3.8'",
            "version": "==1.16.0"
        },
        "just-playback": {
            "hashes": [
                "sha256:01029a00a1a677886c02cac15ec2fc110e8616d2d48c139d62bc26dc080df9a1",
                "sha256:099e4f16eeba3c7b13959c7006b29812b1a14a4561aef38f3ad55cf556b06f86",
                "sha256:0cb838e29727a70c5935d7c3643038fb2a617b29270d2cf9ab03b4ef95a5adad",
                "sha256:13232cb233b4d2c63a58885caa6b34247cedac68c35e448e01e9fed8fdba7ff2",
                "sha256:1c5f1427d33a64117cf6de0c8a17bb52f95aae923f39693dec3ef214a0e799ec",
                "sha256:278b30e3b4fd9cfd7ea495a8b0afbbf12ca97ac7545d0ec8227b1c42c0a63922",
                "sha256:2b18612374fe618c57d7f0d69106679e4ac0ee53a6e086ea62958850a8ce3aaa",
                "sha256:2fb5b2b343404c1cc6ce36c7ea11f78db3aecdd6acf05c096e41894ee4d98744",
                "sha256:2fc9261c9845572376eeca3be45acd8b3d1405a6c4eb2bda734460565aaafb47",
                "sha256:3a70ecdcf3797b5db826db81f030032164c68ed76a91e213d1c956fff4b218be",
                "sha256:4a837f808b27ea41e16efb3a9ea7d1d779bbfdba446bebf7ee8f8c9d228701af",
                "sha256:4d6ddf39f4137b13425861c0ebf59c6eb759712043e6a2d562ef61f9c4326574",
                "sha256:4d8a8c48de31ac51173e0efbddc2614d9577a6e91ad42d7a7ae4068022fc240e",
                "sha256:4f79c92a7c710a4746af0febeb2dcef12a2ee767edd8e27d1acd051b944d3d23",
                "sha256:5242463e1697cfa5bcde6d9457591f798359f7be81b0b78ba64ab1e5a26c12f2",
                "sha256:6364c5a41e826c6ce0fd57757669596e296d44ad5fb81d3a3f79f8742d86cd9e",
                "sha256:639f6bbbada9a7fbb300d53a4be3444e9247341b6eec9581bdf69714cea9f853",
                "sha256:6ecfc6382ba049e3f485cba4244689d53ef1c2d23bd8609bbac4cbf5bdb439c0",
                "sha256:6f34e5b4e3202aa7d00e354d0a4378ce4555017dcf91b5f2c573ed9989de8d9e",
                "sha256:71fc92c8e2f765f2abfe6a8cd6a47eedbd494dacc08193df730e25b13b250680",
                "sha256:7563bd3e53e67847b24a25a45100926ef3fa900d2881540632aa0723d2ec4c16",
                "sha256:777d4f28d5259094a870d7efb5175d35c96ed3040293df6d3f6f38368466245a",
                "sha256:7a8e2255f01b7c5cd10301c9fd8b5974a104850c6395f62fdb2c4e9e692802d9",
                "sha256:85c241e10c25a9a3af6af0ed89d0870d2753862092d416cee02cc5e0217dac0b",
                "sha256:8a7c7a9f58a34201dd2a29f5da8d969bcff11d3eefb51fbea743999fd0b54acc",
                "sha256:8f95cbe9b5e9d9967682af70eeb56b0ba8f4029305f716a699e79b5a52c53f0b",
                "sha256:95e61008e9d2a58d7072d2c77536c849ccc3251281407d8d1ea9b47109f2670d",
                "sha256:960946c673e22f88da991955d745a161950a81e1f4f3aa39d33d314ba96d01ba",
                "sha256:97d988ffe00a6a42593b6174feafe15939c1de63fc1d079fb53f3e91d2eb07b2",
                "sha256:a31a7a694d0115fcea454e9623a06f23fcd981f68adafda83661f8d39531a1d3",
                "sha256:a48c4152da8a2c925b87bf1321d83fbb3b0ca4ee8155e24c880dd14dac5c7b3c",
                "sha256:ac7bd1a10c153a37b02892e27ed644b6dfee0a8a4523352caa2964301d97ab62",
                "sha256:b169ef27fcd741dc4d350022d723dee3d93d541f26d3b03ab75fd89f0b4c0a79",
                "sha256:b2db8252338b9a35fd7d199917fe9de5f5ad59449fbc70b6cfe188f73e7587d4",
                "sha256:b75611a35f8b7f89fb47d4ce68f0ef0d63a5b4a4b60a1d5b7f6b32955e9894f4",
                "sha256:b908ce7f931b574a2930c348d64dbb43bf4a8517bd83fdf85578126bc46d0282",
                "sha256:bc685b20844987cb2f11e0d3d275eec9edc7aade7b50a3d31eb29aba0f2109bf",
                "sha256:c19b4697b27cec1a367801a06660c214dfd1e90de8cc8815c45b32fe11dc8a27",
                "sha256:c210077a91dbe1b3300b9d5077ce97c9cdf383836aebf5083530e5aac635e3d7",
                "sha256:ca7d1b7630420c7d0a2ea98c4ef8fd42b1eecf0f4bfe6bc473f41d9929cc90cb",
                "sha256:cdf780ed41cfa1d311019d308df3a52ed3504814d8b8961aefa26b44ad803360",
                "sha256:d62ac847e7af43b39a62888bac1b9876b2418b59f2050d13ca0b8247effb6585",
                "sha256:da6e251564bd964d44e3834b903882f83a5a06d91992b42b6a3845452d51da18",
                "sha256:ddbe0eedda3bbb9706b07f7c1a9e97ba14385df3f24e325fd6d8230884bb4c79",
                "sha256:e746cdd41447fb817f813d5295877d1196a63949d285d36dfaeea8ec917fa374",
                "sha256:ea3cf0beab7eed878b30db56d8db161582273e1470273b8a5c23d4459829a99a",
                "sha256:edbc21c536d27feda5f00cc9e4ea18fce1fc30815cef0eacaae974a067cd0346",
                "sha256:f27d6bbc3bb2d9d504b501d00467bf0f3ba54eb70808c0e2d2f3fdecf2c13710"
            ],
            "index": "pypi",
            "version": "==0.1.7"
        },
        "music-tag": {
            "hashes": [
                "sha256:0aab6e6eeda8df0f5316ec2d2190bd74561b7e03562ab091ce8d5687cdbcfff6"
            ],
            "index": "pypi",
            "version": "==0.4.3"
        },
        "mutagen": {
            "hashes": [
                "sha256:719fadef0a978c31b4cf3c956261b3c58b6948b32023078a2117b1de09f0fc99",
                "sha256:edd96f50c5907a9539d8e5bba7245f62c9f520aef333d13392a79a4f70aca719"
            ],
            "index": "pypi",
            "markers": "python_version >= '3.7'",
            "version": "==1.47.0"
        },
        "pycparser": {
            "hashes": [
                "sha256:8ee45429555515e1f6b185e78100aea234072576aa43ab53aefcae078162fca9",
                "sha256:e644fdec12f7872f86c58ff790da456218b10f863970249516d60a5eaca77206"
            ],
            "version": "==2.21"
        },
        "pygame": {
            "hashes": [
                "sha256:03879ec299c9f4ba23901b2649a96b2143f0a5d787f0b6c39469989e2320caf1",
                "sha256:074aa6c6e110c925f7f27f00c7733c6303407edc61d738882985091d1eb2ef17",
                "sha256:0e24d05184e4195fe5ebcdce8b18ecb086f00182b9ae460a86682d312ce8d31f",
                "sha256:1822d534bb7fe756804647b6da2c9ea5d7a62d8796b2e15d172d3be085de28c6",
                "sha256:1a2a43802bb5e89ce2b3b775744e78db4f9a201bf8d059b946c61722840ceea8",
                "sha256:1c289f2613c44fe70a1e40769de4a49c5ab5a29b9376f1692bb1a15c9c1c9bfa",
                "sha256:1f3849f97372a3381c66955f99a0d58485ccd513c3d00c030b869094ce6997a6",
                "sha256:224c308856334bc792f696e9278e50d099a87c116f7fc314cd6aa3ff99d21592",
                "sha256:263b4a7cbfc9fe2055abc21b0251cc17dea6dff750f0e1c598919ff350cdbffe",
                "sha256:2b34c73cb328024f8db3cb6487a37e54000148988275d8d6e5adf99d9323c937",
                "sha256:30a8d7cf12363b4140bf2f93b5eec4028376ca1d0fe4b550588f836279485308",
                "sha256:31648d38ecdc2335ffc0e38fb18a84b3339730521505dac68514f83a1092e3f4",
                "sha256:34646ca20e163dc6f6cf8170f1e12a2e41726780112594ac061fa448cf7ccd75",
                "sha256:35632035fd81261f2d797fa810ea8c46111bd78ceb6089d52b61ed7dc3c5d05f",
                "sha256:35cf093a51cb294ede56c29d4acf41538c00f297fcf78a9b186fb7d23c0577b6",
                "sha256:39690e9be9baf58b7359d1f3b2336e1fd6f92fedbbce42987be5df27f8d30718",
                "sha256:3b3e619e33d11c297d7a57a82db40681f9c2c3ae1d5bf06003520b4fe30c435d",
                "sha256:3b8a6e351665ed26ea791f0e1fd649d3f483e8681892caef9d471f488f9ea5ee",
                "sha256:41f8779f52e0f6e6e6ccb8f0b5536e432bf386ee29c721a1c22cada7767b0cef",
                "sha256:47a8415d2bd60e6909823b5643a1d4ef5cc29417d817f2a214b255f6fa3a1e4c",
                "sha256:485239c7d32265fd35b76ae8f64f34b0637ae11e69d76de15710c4b9edcc7c8d",
                "sha256:4f1559e7efe4efb9dc19d2d811d702f325d9605f9f6f9ececa39ee6890c798f5",
                "sha256:4ff21201df6278b8ca2e948fb148ffe88f5481fd03760f381dd61e45954c7dff",
                "sha256:5697528266b4716d9cdd44a5a1d210f4d86ef801d0f64ca5da5d0816704009d9",
                "sha256:677e37bc0ea7afd89dde5a88ced4458aa8656159c70a576eea68b5622ee1997b",
                "sha256:68c4e8e60b725ffc7a6c6ecd9bb5fcc5ed2d6e0e2a2c4a29a8454856ef16ad63",
                "sha256:6cf2257447ce7f2d6de37e5fb019d2bbe32ed05a5721ace8bc78c2d9beaf3aee",
                "sha256:6d58c8cf937815d3b7cdc0fa9590c5129cb2c9658b72d00e8a4568dea2ff1d42",
                "sha256:6fe323acbf53a0195c8c98b1b941eba7ac24e3e2b28ae48e8cda566f15fc4945",
                "sha256:74e1d6284100e294f445832e6f6343be4fe4748decc4f8a51131ae197dae8584",
                "sha256:78fcd7643358b886a44127ff7dec9041c056c212b3a98977674f83f99e9b12d3",
                "sha256:7d0a2794649defa57ef50b096a99f7113d3d0c2e32d1426cafa7d618eadce4c7",
                "sha256:88d1cdacc2d3471eceab98bf0c93c14d3a8461f93e58e3d926f20d4de3a75554",
                "sha256:9b30bc1220c457169571aac998e54b013aaeb732d2fd8744966cb1cfab1f61d1",
                "sha256:9bd738fd4ecc224769d0b4a719f96900a86578e26e0105193658a32966df2aae",
                "sha256:9dcff6cbba1584cf7732ce1dbdd044406cd4f6e296d13bcb7fba963fb4aeefc9",
                "sha256:a0769eb628c818761755eb0a0ca8216b95270ea8cbcbc82227e39ac9644643da",
                "sha256:a0bd67426c02ffe6c9827fc4bcbda9442fbc451d29b17c83a3c088c56fef2c90",
                "sha256:bc12e4dea3e88ea8a553de6d56a37b704dbe2aed95105889f6afeb4b96e62097",
                "sha256:c13edebc43c240fb0532969e914f0ccefff5ae7e50b0b788d08ad2c15ef793e4",
                "sha256:c1b89eb5d539e7ac5cf75513125fb5f2f0a2d918b1fd6e981f23bf0ac1b1c24a",
                "sha256:ce4b6c0bfe44d00bb0998a6517bd0cf9455f642f30f91bc671ad41c05bf6f6ae",
                "sha256:cf2191b756ceb0e8458a761d0c665b0c70b538570449e0d39b75a5ba94ac5cf0",
                "sha256:d29a84b2e02814b9ba925357fd2e1df78efe5e1aa64dc3051eaed95d2b96eafd",
                "sha256:d75cbbfaba2b81434d62631d0b08b85fab16cf4a36e40b80298d3868927e1299",
                "sha256:d78485c4d21133d6b2fbb504cd544ca655e50b6eb551d2995b3aa6035928adda",
                "sha256:d851247239548aa357c4a6840fb67adc2d570ce7cb56988d036a723d26b48bff",
                "sha256:daca456d5b9f52e088e06a127dec182b3638a775684fb2260f25d664351cf1ae",
                "sha256:dc346965847aef00013fa2364f41a64f068cd096dcc7778fc306ca3735f0eedf",
                "sha256:dd2d2650faf54f9a0f5bd0db8409f79609319725f8f08af6507a0609deadcad4",
                "sha256:e58e2b0c791041e4bccafa5bd7650623ba1592b8fe62ae0a276b7d0ecb314b6c",
                "sha256:e708fc8f709a0fe1d1876489345f2e443d47f3976d33455e2e1e937f972f8677",
                "sha256:ed9a3d98adafa0805ccbaaff5d2996a2b5795381285d8437a4a5d248dbd12b4a",
                "sha256:edda1f7cff4806a4fa39e0e8ccd75f38d1d340fa5fc52d8582ade87aca247d92",
                "sha256:f02c1c7505af18d426d355ac9872bd5c916b27f7b0fe224749930662bea47a50",
                "sha256:f30d1618672a55e8c6669281ba264464b3ab563158e40d89e8c8b3faa0febebd",
                "sha256:fe0228501ec616779a0b9c4299e837877783e18df294dd690b9ab0eed3d8aaab"
            ],
            "index": "pypi",
            "markers": "python_version >= '3.6'",
            "version": "==2.5.2"
        },
        "tinytag": {
            "hashes": [
                "sha256:122a63b836f85094aacca43fc807aaee3290be3de17d134f5f4a08b509ae268f",
                "sha256:e437654d04c966fbbbdbf807af61eb9759f1d80e4173a7d26202506b37cfdaf0"
            ],
            "markers": "python_version >= '2.7'",
            "version": "==1.10.1"
        }
    },
    "develop": {}
}
